
Microsoft Visual Studio Solution File, Format Version 12.00
# Visual Studio Version 17
VisualStudioVersion = 17.13.35806.99 d17.13
MinimumVisualStudioVersion = 10.0.40219.1
Project("{FAE04EC0-301F-11D3-BF4B-00C04F79EFBC}") = "KursDB", "KursDB\KursDB.csproj", "{BB33C2E3-F373-4A35-B943-331DC2300DA3}"
EndProject
Global
	GlobalSection(SolutionConfigurationPlatforms) = preSolution
		Debug|Any CPU = Debug|Any CPU
		Release|Any CPU = Release|Any CPU
	EndGlobalSection
	GlobalSection(ProjectConfigurationPlatforms) = postSolution
		{BB33C2E3-F373-4A35-B943-331DC2300DA3}.Debug|Any CPU.ActiveCfg = Debug|Any CPU
		{BB33C2E3-F373-4A35-B943-331DC2300DA3}.Debug|Any CPU.Build.0 = Debug|Any CPU
		{BB33C2E3-F373-4A35-B943-331DC2300DA3}.Release|Any CPU.ActiveCfg = Release|Any CPU
		{BB33C2E3-F373-4A35-B943-331DC2300DA3}.Release|Any CPU.Build.0 = Release|Any CPU
	EndGlobalSection
	GlobalSection(SolutionProperties) = preSolution
		HideSolutionNode = FALSE
	EndGlobalSection
	GlobalSection(ExtensibilityGlobals) = postSolution
		SolutionGuid = {A9C6729B-1BFF-423F-9907-E887D6B9DCE3}
	EndGlobalSection
EndGlobal
